// !$*UTF8*$!
{
	archiveVersion = 1;
	classes = {
	};
	objectVersion = 56;
	objects = {

/* Begin PBXBuildFile section */
		C00AD48A2BC6B8520029D0E7 /* WorkWIthNavigationLink.swift in Sources */ = {isa = PBXBuildFile; fileRef = C00AD4892BC6B8520029D0E7 /* WorkWIthNavigationLink.swift */; };
		C00FE3BD2B98922B000B928D /* WorkWithGradients.swift in Sources */ = {isa = PBXBuildFile; fileRef = C00FE3BC2B98922B000B928D /* WorkWithGradients.swift */; };
		C036B5472BC087D6000DACB1 /* FindFlag.swift in Sources */ = {isa = PBXBuildFile; fileRef = C036B5462BC087D6000DACB1 /* FindFlag.swift */; };
		C0567A212BA0DE4A00C5509F /* WorkWithList.swift in Sources */ = {isa = PBXBuildFile; fileRef = C0567A202BA0DE4A00C5509F /* WorkWithList.swift */; };
		C06E959C2BA57DB300AC97FC /* WorkWithForm.swift in Sources */ = {isa = PBXBuildFile; fileRef = C06E959B2BA57DB300AC97FC /* WorkWithForm.swift */; };
		C077CAD92B83ECCE009CD3BD /* SwitUI_Ian_SolomenApp.swift in Sources */ = {isa = PBXBuildFile; fileRef = C077CAD82B83ECCE009CD3BD /* SwitUI_Ian_SolomenApp.swift */; };
		C077CADB2B83ECCE009CD3BD /* ContentView.swift in Sources */ = {isa = PBXBuildFile; fileRef = C077CADA2B83ECCE009CD3BD /* ContentView.swift */; };
		C077CADD2B83ECCE009CD3BD /* Assets.xcassets in Resources */ = {isa = PBXBuildFile; fileRef = C077CADC2B83ECCE009CD3BD /* Assets.xcassets */; };
		C077CAE02B83ECCE009CD3BD /* Preview Assets.xcassets in Resources */ = {isa = PBXBuildFile; fileRef = C077CADF2B83ECCE009CD3BD /* Preview Assets.xcassets */; };
		C077CAEA2B83ECCF009CD3BD /* SwitUI_Ian_SolomenTests.swift in Sources */ = {isa = PBXBuildFile; fileRef = C077CAE92B83ECCF009CD3BD /* SwitUI_Ian_SolomenTests.swift */; };
		C077CAF42B83ECCF009CD3BD /* SwitUI_Ian_SolomenUITests.swift in Sources */ = {isa = PBXBuildFile; fileRef = C077CAF32B83ECCF009CD3BD /* SwitUI_Ian_SolomenUITests.swift */; };
		C077CAF62B83ECCF009CD3BD /* SwitUI_Ian_SolomenUITestsLaunchTests.swift in Sources */ = {isa = PBXBuildFile; fileRef = C077CAF52B83ECCF009CD3BD /* SwitUI_Ian_SolomenUITestsLaunchTests.swift */; };
		C079697F2B8508D900434BE1 /* VHZStacks.swift in Sources */ = {isa = PBXBuildFile; fileRef = C079697E2B8508D900434BE1 /* VHZStacks.swift */; };
		C07B0C0A2BA6AC0D00608FC6 /* CalculatorApp.swift in Sources */ = {isa = PBXBuildFile; fileRef = C07B0C092BA6AC0D00608FC6 /* CalculatorApp.swift */; };
		C086EFE12BAA0FA800CD6FB1 /* WorkWithAlert.swift in Sources */ = {isa = PBXBuildFile; fileRef = C086EFE02BAA0FA800CD6FB1 /* WorkWithAlert.swift */; };
		C08E52242BC9D190007F9245 /* NoteApp.swift in Sources */ = {isa = PBXBuildFile; fileRef = C08E52232BC9D190007F9245 /* NoteApp.swift */; };
		C09440812BC552B9003506AB /* WorkWithModifiers.swift in Sources */ = {isa = PBXBuildFile; fileRef = C09440802BC552B9003506AB /* WorkWithModifiers.swift */; };
		C099914C2B9B7B4500B1173B /* WorkWithButton.swift in Sources */ = {isa = PBXBuildFile; fileRef = C099914B2B9B7B4500B1173B /* WorkWithButton.swift */; };
		C09E7AB12B9A461B00F30281 /* WorkWithToggle.swift in Sources */ = {isa = PBXBuildFile; fileRef = C09E7AB02B9A461B00F30281 /* WorkWithToggle.swift */; };
		C0A196142B9DD4480080BACF /* WorkWithClick.swift in Sources */ = {isa = PBXBuildFile; fileRef = C0A196132B9DD4480080BACF /* WorkWithClick.swift */; };
		C0A7882A2B9BA44F00269362 /* WorkWithTextField.swift in Sources */ = {isa = PBXBuildFile; fileRef = C0A788292B9BA44F00269362 /* WorkWithTextField.swift */; };
		C0A7882D2B9BA69D00269362 /* WorkWithSlider.swift in Sources */ = {isa = PBXBuildFile; fileRef = C0A7882C2B9BA69D00269362 /* WorkWithSlider.swift */; };
		C0B646F82BA23BFB00CB82AF /* WorkWithNavigationStack.swift in Sources */ = {isa = PBXBuildFile; fileRef = C0B646F72BA23BFB00CB82AF /* WorkWithNavigationStack.swift */; };
		C0C212DA2B9C7DEC0079D5DE /* WorkWithStepper.swift in Sources */ = {isa = PBXBuildFile; fileRef = C0C212D92B9C7DEC0079D5DE /* WorkWithStepper.swift */; };
		C0CC06362BA3A47600334DD1 /* WorkWithTabView.swift in Sources */ = {isa = PBXBuildFile; fileRef = C0CC06352BA3A47600334DD1 /* WorkWithTabView.swift */; };
		C0CE51122B9C19B200DCF88D /* WorkWIthPickerVertical.swift in Sources */ = {isa = PBXBuildFile; fileRef = C0CE51112B9C19B200DCF88D /* WorkWIthPickerVertical.swift */; };
		C0D367A52B93B9BB001966F0 /* WorkWIthText.swift in Sources */ = {isa = PBXBuildFile; fileRef = C0D367A42B93B9BB001966F0 /* WorkWIthText.swift */; };
		C0DA153C2BC78E2100373A92 /* WorkWithUserDefaults.swift in Sources */ = {isa = PBXBuildFile; fileRef = C0DA153B2BC78E2100373A92 /* WorkWithUserDefaults.swift */; };
		C0DC87472BC5DED700359D27 /* WorkWithObservedPublishEnv.swift in Sources */ = {isa = PBXBuildFile; fileRef = C0DC87462BC5DED700359D27 /* WorkWithObservedPublishEnv.swift */; };
		C0EABFD62B97B39A0045A7B4 /* WorkWithImage.swift in Sources */ = {isa = PBXBuildFile; fileRef = C0EABFD52B97B39A0045A7B4 /* WorkWithImage.swift */; };
/* End PBXBuildFile section */

/* Begin PBXContainerItemProxy section */
		C077CAE62B83ECCF009CD3BD /* PBXContainerItemProxy */ = {
			isa = PBXContainerItemProxy;
			containerPortal = C077CACD2B83ECCE009CD3BD /* Project object */;
			proxyType = 1;
			remoteGlobalIDString = C077CAD42B83ECCE009CD3BD;
			remoteInfo = SwitUI_Ian_Solomen;
		};
		C077CAF02B83ECCF009CD3BD /* PBXContainerItemProxy */ = {
			isa = PBXContainerItemProxy;
			containerPortal = C077CACD2B83ECCE009CD3BD /* Project object */;
			proxyType = 1;
			remoteGlobalIDString = C077CAD42B83ECCE009CD3BD;
			remoteInfo = SwitUI_Ian_Solomen;
		};
/* End PBXContainerItemProxy section */

/* Begin PBXFileReference section */
		C00AD4892BC6B8520029D0E7 /* WorkWIthNavigationLink.swift */ = {isa = PBXFileReference; lastKnownFileType = sourcecode.swift; path = WorkWIthNavigationLink.swift; sourceTree = "<group>"; };
		C00FE3BC2B98922B000B928D /* WorkWithGradients.swift */ = {isa = PBXFileReference; lastKnownFileType = sourcecode.swift; path = WorkWithGradients.swift; sourceTree = "<group>"; };
		C036B5462BC087D6000DACB1 /* FindFlag.swift */ = {isa = PBXFileReference; lastKnownFileType = sourcecode.swift; path = FindFlag.swift; sourceTree = "<group>"; };
		C0567A202BA0DE4A00C5509F /* WorkWithList.swift */ = {isa = PBXFileReference; lastKnownFileType = sourcecode.swift; path = WorkWithList.swift; sourceTree = "<group>"; };
		C06E959B2BA57DB300AC97FC /* WorkWithForm.swift */ = {isa = PBXFileReference; lastKnownFileType = sourcecode.swift; path = WorkWithForm.swift; sourceTree = "<group>"; };
		C077CAD52B83ECCE009CD3BD /* SwitUI_Ian_Solomen.app */ = {isa = PBXFileReference; explicitFileType = wrapper.application; includeInIndex = 0; path = SwitUI_Ian_Solomen.app; sourceTree = BUILT_PRODUCTS_DIR; };
		C077CAD82B83ECCE009CD3BD /* SwitUI_Ian_SolomenApp.swift */ = {isa = PBXFileReference; lastKnownFileType = sourcecode.swift; path = SwitUI_Ian_SolomenApp.swift; sourceTree = "<group>"; };
		C077CADA2B83ECCE009CD3BD /* ContentView.swift */ = {isa = PBXFileReference; lastKnownFileType = sourcecode.swift; path = ContentView.swift; sourceTree = "<group>"; };
		C077CADC2B83ECCE009CD3BD /* Assets.xcassets */ = {isa = PBXFileReference; lastKnownFileType = folder.assetcatalog; path = Assets.xcassets; sourceTree = "<group>"; };
		C077CADF2B83ECCE009CD3BD /* Preview Assets.xcassets */ = {isa = PBXFileReference; lastKnownFileType = folder.assetcatalog; path = "Preview Assets.xcassets"; sourceTree = "<group>"; };
		C077CAE52B83ECCF009CD3BD /* SwitUI_Ian_SolomenTests.xctest */ = {isa = PBXFileReference; explicitFileType = wrapper.cfbundle; includeInIndex = 0; path = SwitUI_Ian_SolomenTests.xctest; sourceTree = BUILT_PRODUCTS_DIR; };
		C077CAE92B83ECCF009CD3BD /* SwitUI_Ian_SolomenTests.swift */ = {isa = PBXFileReference; lastKnownFileType = sourcecode.swift; path = SwitUI_Ian_SolomenTests.swift; sourceTree = "<group>"; };
		C077CAEF2B83ECCF009CD3BD /* SwitUI_Ian_SolomenUITests.xctest */ = {isa = PBXFileReference; explicitFileType = wrapper.cfbundle; includeInIndex = 0; path = SwitUI_Ian_SolomenUITests.xctest; sourceTree = BUILT_PRODUCTS_DIR; };
		C077CAF32B83ECCF009CD3BD /* SwitUI_Ian_SolomenUITests.swift */ = {isa = PBXFileReference; lastKnownFileType = sourcecode.swift; path = SwitUI_Ian_SolomenUITests.swift; sourceTree = "<group>"; };
		C077CAF52B83ECCF009CD3BD /* SwitUI_Ian_SolomenUITestsLaunchTests.swift */ = {isa = PBXFileReference; lastKnownFileType = sourcecode.swift; path = SwitUI_Ian_SolomenUITestsLaunchTests.swift; sourceTree = "<group>"; };
		C079697E2B8508D900434BE1 /* VHZStacks.swift */ = {isa = PBXFileReference; lastKnownFileType = sourcecode.swift; path = VHZStacks.swift; sourceTree = "<group>"; };
		C07B0C092BA6AC0D00608FC6 /* CalculatorApp.swift */ = {isa = PBXFileReference; lastKnownFileType = sourcecode.swift; path = CalculatorApp.swift; sourceTree = "<group>"; };
		C086EFE02BAA0FA800CD6FB1 /* WorkWithAlert.swift */ = {isa = PBXFileReference; lastKnownFileType = sourcecode.swift; path = WorkWithAlert.swift; sourceTree = "<group>"; };
		C08E52232BC9D190007F9245 /* NoteApp.swift */ = {isa = PBXFileReference; lastKnownFileType = sourcecode.swift; path = NoteApp.swift; sourceTree = "<group>"; };
		C09440802BC552B9003506AB /* WorkWithModifiers.swift */ = {isa = PBXFileReference; lastKnownFileType = sourcecode.swift; path = WorkWithModifiers.swift; sourceTree = "<group>"; };
		C099914B2B9B7B4500B1173B /* WorkWithButton.swift */ = {isa = PBXFileReference; lastKnownFileType = sourcecode.swift; path = WorkWithButton.swift; sourceTree = "<group>"; };
		C09E7AB02B9A461B00F30281 /* WorkWithToggle.swift */ = {isa = PBXFileReference; lastKnownFileType = sourcecode.swift; path = WorkWithToggle.swift; sourceTree = "<group>"; };
		C0A196132B9DD4480080BACF /* WorkWithClick.swift */ = {isa = PBXFileReference; lastKnownFileType = sourcecode.swift; path = WorkWithClick.swift; sourceTree = "<group>"; };
		C0A788292B9BA44F00269362 /* WorkWithTextField.swift */ = {isa = PBXFileReference; lastKnownFileType = sourcecode.swift; path = WorkWithTextField.swift; sourceTree = "<group>"; };
		C0A7882C2B9BA69D00269362 /* WorkWithSlider.swift */ = {isa = PBXFileReference; lastKnownFileType = sourcecode.swift; path = WorkWithSlider.swift; sourceTree = "<group>"; };
		C0B646F72BA23BFB00CB82AF /* WorkWithNavigationStack.swift */ = {isa = PBXFileReference; lastKnownFileType = sourcecode.swift; path = WorkWithNavigationStack.swift; sourceTree = "<group>"; };
		C0C212D92B9C7DEC0079D5DE /* WorkWithStepper.swift */ = {isa = PBXFileReference; lastKnownFileType = sourcecode.swift; path = WorkWithStepper.swift; sourceTree = "<group>"; };
		C0CC06352BA3A47600334DD1 /* WorkWithTabView.swift */ = {isa = PBXFileReference; lastKnownFileType = sourcecode.swift; path = WorkWithTabView.swift; sourceTree = "<group>"; };
		C0CE51112B9C19B200DCF88D /* WorkWIthPickerVertical.swift */ = {isa = PBXFileReference; lastKnownFileType = sourcecode.swift; path = WorkWIthPickerVertical.swift; sourceTree = "<group>"; };
		C0D367A42B93B9BB001966F0 /* WorkWIthText.swift */ = {isa = PBXFileReference; lastKnownFileType = sourcecode.swift; path = WorkWIthText.swift; sourceTree = "<group>"; };
		C0DA153B2BC78E2100373A92 /* WorkWithUserDefaults.swift */ = {isa = PBXFileReference; lastKnownFileType = sourcecode.swift; path = WorkWithUserDefaults.swift; sourceTree = "<group>"; };
		C0DC87462BC5DED700359D27 /* WorkWithObservedPublishEnv.swift */ = {isa = PBXFileReference; lastKnownFileType = sourcecode.swift; path = WorkWithObservedPublishEnv.swift; sourceTree = "<group>"; };
		C0EABFD52B97B39A0045A7B4 /* WorkWithImage.swift */ = {isa = PBXFileReference; lastKnownFileType = sourcecode.swift; path = WorkWithImage.swift; sourceTree = "<group>"; };
/* End PBXFileReference section */

/* Begin PBXFrameworksBuildPhase section */
		C077CAD22B83ECCE009CD3BD /* Frameworks */ = {
			isa = PBXFrameworksBuildPhase;
			buildActionMask = 2147483647;
			files = (
			);
			runOnlyForDeploymentPostprocessing = 0;
		};
		C077CAE22B83ECCF009CD3BD /* Frameworks */ = {
			isa = PBXFrameworksBuildPhase;
			buildActionMask = 2147483647;
			files = (
			);
			runOnlyForDeploymentPostprocessing = 0;
		};
		C077CAEC2B83ECCF009CD3BD /* Frameworks */ = {
			isa = PBXFrameworksBuildPhase;
			buildActionMask = 2147483647;
			files = (
			);
			runOnlyForDeploymentPostprocessing = 0;
		};
/* End PBXFrameworksBuildPhase section */

/* Begin PBXGroup section */
		C00AD4882BC6B8320029D0E7 /* 21_NavigationLInk */ = {
			isa = PBXGroup;
			children = (
				C00AD4892BC6B8520029D0E7 /* WorkWIthNavigationLink.swift */,
			);
			path = 21_NavigationLInk;
			sourceTree = "<group>";
		};
		C00FE3BB2B989207000B928D /* 4_Gradient */ = {
			isa = PBXGroup;
			children = (
				C00FE3BC2B98922B000B928D /* WorkWithGradients.swift */,
			);
			path = 4_Gradient;
			sourceTree = "<group>";
		};
		C036B5452BC087BC000DACB1 /* 18_Find_Flag_Game */ = {
			isa = PBXGroup;
			children = (
				C036B5462BC087D6000DACB1 /* FindFlag.swift */,
			);
			path = 18_Find_Flag_Game;
			sourceTree = "<group>";
		};
		C0567A1F2BA0DE0600C5509F /* 12_List */ = {
			isa = PBXGroup;
			children = (
				C0567A202BA0DE4A00C5509F /* WorkWithList.swift */,
			);
			path = 12_List;
			sourceTree = "<group>";
		};
		C06E959A2BA57DA000AC97FC /* 15_Form */ = {
			isa = PBXGroup;
			children = (
				C06E959B2BA57DB300AC97FC /* WorkWithForm.swift */,
			);
			path = 15_Form;
			sourceTree = "<group>";
		};
		C077CACC2B83ECCE009CD3BD = {
			isa = PBXGroup;
			children = (
				C077CAD72B83ECCE009CD3BD /* SwitUI_Ian_Solomen */,
				C077CAE82B83ECCF009CD3BD /* SwitUI_Ian_SolomenTests */,
				C077CAF22B83ECCF009CD3BD /* SwitUI_Ian_SolomenUITests */,
				C077CAD62B83ECCE009CD3BD /* Products */,
			);
			sourceTree = "<group>";
		};
		C077CAD62B83ECCE009CD3BD /* Products */ = {
			isa = PBXGroup;
			children = (
				C077CAD52B83ECCE009CD3BD /* SwitUI_Ian_Solomen.app */,
				C077CAE52B83ECCF009CD3BD /* SwitUI_Ian_SolomenTests.xctest */,
				C077CAEF2B83ECCF009CD3BD /* SwitUI_Ian_SolomenUITests.xctest */,
			);
			name = Products;
			sourceTree = "<group>";
		};
		C077CAD72B83ECCE009CD3BD /* SwitUI_Ian_Solomen */ = {
			isa = PBXGroup;
			children = (
				C08E52222BC9D179007F9245 /* 23_Note_App */,
				C0DA153A2BC78E0D00373A92 /* 22_UserDefaults */,
				C00AD4882BC6B8320029D0E7 /* 21_NavigationLInk */,
				C0DC87452BC5DEA700359D27 /* 20_ObservedObject_Published_Environment */,
				C094407F2BC5529D003506AB /* 19_Modifiers */,
				C036B5452BC087BC000DACB1 /* 18_Find_Flag_Game */,
				C086EFDF2BAA0F8E00CD6FB1 /* 17_Alerts */,
				C07B0C082BA6ABF600608FC6 /* 16_Calc_App */,
				C06E959A2BA57DA000AC97FC /* 15_Form */,
				C0CC06342BA3A45A00334DD1 /* 14_TabView */,
				C0B646F62BA23BE200CB82AF /* 13_NavigatinStack */,
				C0567A1F2BA0DE0600C5509F /* 12_List */,
				C0A196122B9DD4290080BACF /* 11_Click_and_Tap */,
				C0C212D82B9C7DCA0079D5DE /* 10_State_Stepper */,
				C0CE51102B9C195B00DCF88D /* 9_State_Picker_Vertical */,
				C0A7882B2B9BA67400269362 /* 8_State_Slider */,
				C099914D2B9B830100B1173B /* 7_State_TextFIeld */,
				C099914A2B9B7B2600B1173B /* 6_State_Button */,
				C09E7AAF2B9A45FD00F30281 /* 5_State_Toggle */,
				C00FE3BB2B989207000B928D /* 4_Gradient */,
				C0EABFD42B97B3740045A7B4 /* 3_Image */,
				C0D367A12B93B945001966F0 /* 2_Text */,
				C079697D2B85085800434BE1 /* 1_VHZStacks */,
				C077CAD82B83ECCE009CD3BD /* SwitUI_Ian_SolomenApp.swift */,
				C077CADC2B83ECCE009CD3BD /* Assets.xcassets */,
				C077CADE2B83ECCE009CD3BD /* Preview Content */,
			);
			path = SwitUI_Ian_Solomen;
			sourceTree = "<group>";
		};
		C077CADE2B83ECCE009CD3BD /* Preview Content */ = {
			isa = PBXGroup;
			children = (
				C077CADF2B83ECCE009CD3BD /* Preview Assets.xcassets */,
			);
			path = "Preview Content";
			sourceTree = "<group>";
		};
		C077CAE82B83ECCF009CD3BD /* SwitUI_Ian_SolomenTests */ = {
			isa = PBXGroup;
			children = (
				C077CAE92B83ECCF009CD3BD /* SwitUI_Ian_SolomenTests.swift */,
			);
			path = SwitUI_Ian_SolomenTests;
			sourceTree = "<group>";
		};
		C077CAF22B83ECCF009CD3BD /* SwitUI_Ian_SolomenUITests */ = {
			isa = PBXGroup;
			children = (
				C077CAF32B83ECCF009CD3BD /* SwitUI_Ian_SolomenUITests.swift */,
				C077CAF52B83ECCF009CD3BD /* SwitUI_Ian_SolomenUITestsLaunchTests.swift */,
			);
			path = SwitUI_Ian_SolomenUITests;
			sourceTree = "<group>";
		};
		C079697D2B85085800434BE1 /* 1_VHZStacks */ = {
			isa = PBXGroup;
			children = (
				C077CADA2B83ECCE009CD3BD /* ContentView.swift */,
				C079697E2B8508D900434BE1 /* VHZStacks.swift */,
			);
			path = 1_VHZStacks;
			sourceTree = "<group>";
		};
		C07B0C082BA6ABF600608FC6 /* 16_Calc_App */ = {
			isa = PBXGroup;
			children = (
				C07B0C092BA6AC0D00608FC6 /* CalculatorApp.swift */,
			);
			path = 16_Calc_App;
			sourceTree = "<group>";
		};
		C086EFDF2BAA0F8E00CD6FB1 /* 17_Alerts */ = {
			isa = PBXGroup;
			children = (
				C086EFE02BAA0FA800CD6FB1 /* WorkWithAlert.swift */,
			);
			path = 17_Alerts;
			sourceTree = "<group>";
		};
		C08E52222BC9D179007F9245 /* 23_Note_App */ = {
			isa = PBXGroup;
			children = (
				C08E52232BC9D190007F9245 /* NoteApp.swift */,
			);
			path = 23_Note_App;
			sourceTree = "<group>";
		};
		C094407F2BC5529D003506AB /* 19_Modifiers */ = {
			isa = PBXGroup;
			children = (
				C09440802BC552B9003506AB /* WorkWithModifiers.swift */,
			);
			path = 19_Modifiers;
			sourceTree = "<group>";
		};
		C099914A2B9B7B2600B1173B /* 6_State_Button */ = {
			isa = PBXGroup;
			children = (
				C099914B2B9B7B4500B1173B /* WorkWithButton.swift */,
			);
			path = 6_State_Button;
			sourceTree = "<group>";
		};
		C099914D2B9B830100B1173B /* 7_State_TextFIeld */ = {
			isa = PBXGroup;
			children = (
				C0A788292B9BA44F00269362 /* WorkWithTextField.swift */,
			);
			path = 7_State_TextFIeld;
			sourceTree = "<group>";
		};
		C09E7AAF2B9A45FD00F30281 /* 5_State_Toggle */ = {
			isa = PBXGroup;
			children = (
				C09E7AB02B9A461B00F30281 /* WorkWithToggle.swift */,
			);
			path = 5_State_Toggle;
			sourceTree = "<group>";
		};
		C0A196122B9DD4290080BACF /* 11_Click_and_Tap */ = {
			isa = PBXGroup;
			children = (
				C0A196132B9DD4480080BACF /* WorkWithClick.swift */,
			);
			path = 11_Click_and_Tap;
			sourceTree = "<group>";
		};
		C0A7882B2B9BA67400269362 /* 8_State_Slider */ = {
			isa = PBXGroup;
			children = (
				C0A7882C2B9BA69D00269362 /* WorkWithSlider.swift */,
			);
			path = 8_State_Slider;
			sourceTree = "<group>";
		};
		C0B646F62BA23BE200CB82AF /* 13_NavigatinStack */ = {
			isa = PBXGroup;
			children = (
				C0B646F72BA23BFB00CB82AF /* WorkWithNavigationStack.swift */,
			);
			path = 13_NavigatinStack;
			sourceTree = "<group>";
		};
		C0C212D82B9C7DCA0079D5DE /* 10_State_Stepper */ = {
			isa = PBXGroup;
			children = (
				C0C212D92B9C7DEC0079D5DE /* WorkWithStepper.swift */,
			);
			path = 10_State_Stepper;
			sourceTree = "<group>";
		};
		C0CC06342BA3A45A00334DD1 /* 14_TabView */ = {
			isa = PBXGroup;
			children = (
				C0CC06352BA3A47600334DD1 /* WorkWithTabView.swift */,
			);
			path = 14_TabView;
			sourceTree = "<group>";
		};
		C0CE51102B9C195B00DCF88D /* 9_State_Picker_Vertical */ = {
			isa = PBXGroup;
			children = (
				C0CE51112B9C19B200DCF88D /* WorkWIthPickerVertical.swift */,
			);
			path = 9_State_Picker_Vertical;
			sourceTree = "<group>";
		};
		C0D367A12B93B945001966F0 /* 2_Text */ = {
			isa = PBXGroup;
			children = (
				C0D367A42B93B9BB001966F0 /* WorkWIthText.swift */,
			);
			path = 2_Text;
			sourceTree = "<group>";
		};
		C0DA153A2BC78E0D00373A92 /* 22_UserDefaults */ = {
			isa = PBXGroup;
			children = (
				C0DA153B2BC78E2100373A92 /* WorkWithUserDefaults.swift */,
			);
			path = 22_UserDefaults;
			sourceTree = "<group>";
		};
		C0DC87452BC5DEA700359D27 /* 20_ObservedObject_Published_Environment */ = {
			isa = PBXGroup;
			children = (
				C0DC87462BC5DED700359D27 /* WorkWithObservedPublishEnv.swift */,
			);
			path = 20_ObservedObject_Published_Environment;
			sourceTree = "<group>";
		};
		C0EABFD42B97B3740045A7B4 /* 3_Image */ = {
			isa = PBXGroup;
			children = (
				C0EABFD52B97B39A0045A7B4 /* WorkWithImage.swift */,
			);
			path = 3_Image;
			sourceTree = "<group>";
		};
/* End PBXGroup section */

/* Begin PBXNativeTarget section */
		C077CAD42B83ECCE009CD3BD /* SwitUI_Ian_Solomen */ = {
			isa = PBXNativeTarget;
			buildConfigurationList = C077CAF92B83ECCF009CD3BD /* Build configuration list for PBXNativeTarget "SwitUI_Ian_Solomen" */;
			buildPhases = (
				C077CAD12B83ECCE009CD3BD /* Sources */,
				C077CAD22B83ECCE009CD3BD /* Frameworks */,
				C077CAD32B83ECCE009CD3BD /* Resources */,
			);
			buildRules = (
			);
			dependencies = (
			);
			name = SwitUI_Ian_Solomen;
			productName = SwitUI_Ian_Solomen;
			productReference = C077CAD52B83ECCE009CD3BD /* SwitUI_Ian_Solomen.app */;
			productType = "com.apple.product-type.application";
		};
		C077CAE42B83ECCF009CD3BD /* SwitUI_Ian_SolomenTests */ = {
			isa = PBXNativeTarget;
			buildConfigurationList = C077CAFC2B83ECCF009CD3BD /* Build configuration list for PBXNativeTarget "SwitUI_Ian_SolomenTests" */;
			buildPhases = (
				C077CAE12B83ECCF009CD3BD /* Sources */,
				C077CAE22B83ECCF009CD3BD /* Frameworks */,
				C077CAE32B83ECCF009CD3BD /* Resources */,
			);
			buildRules = (
			);
			dependencies = (
				C077CAE72B83ECCF009CD3BD /* PBXTargetDependency */,
			);
			name = SwitUI_Ian_SolomenTests;
			productName = SwitUI_Ian_SolomenTests;
			productReference = C077CAE52B83ECCF009CD3BD /* SwitUI_Ian_SolomenTests.xctest */;
			productType = "com.apple.product-type.bundle.unit-test";
		};
		C077CAEE2B83ECCF009CD3BD /* SwitUI_Ian_SolomenUITests */ = {
			isa = PBXNativeTarget;
			buildConfigurationList = C077CAFF2B83ECCF009CD3BD /* Build configuration list for PBXNativeTarget "SwitUI_Ian_SolomenUITests" */;
			buildPhases = (
				C077CAEB2B83ECCF009CD3BD /* Sources */,
				C077CAEC2B83ECCF009CD3BD /* Frameworks */,
				C077CAED2B83ECCF009CD3BD /* Resources */,
			);
			buildRules = (
			);
			dependencies = (
				C077CAF12B83ECCF009CD3BD /* PBXTargetDependency */,
			);
			name = SwitUI_Ian_SolomenUITests;
			productName = SwitUI_Ian_SolomenUITests;
			productReference = C077CAEF2B83ECCF009CD3BD /* SwitUI_Ian_SolomenUITests.xctest */;
			productType = "com.apple.product-type.bundle.ui-testing";
		};
/* End PBXNativeTarget section */

/* Begin PBXProject section */
		C077CACD2B83ECCE009CD3BD /* Project object */ = {
			isa = PBXProject;
			attributes = {
				BuildIndependentTargetsInParallel = 1;
				LastSwiftUpdateCheck = 1430;
				LastUpgradeCheck = 1430;
				TargetAttributes = {
					C077CAD42B83ECCE009CD3BD = {
						CreatedOnToolsVersion = 14.3.1;
					};
					C077CAE42B83ECCF009CD3BD = {
						CreatedOnToolsVersion = 14.3.1;
						TestTargetID = C077CAD42B83ECCE009CD3BD;
					};
					C077CAEE2B83ECCF009CD3BD = {
						CreatedOnToolsVersion = 14.3.1;
						TestTargetID = C077CAD42B83ECCE009CD3BD;
					};
				};
			};
			buildConfigurationList = C077CAD02B83ECCE009CD3BD /* Build configuration list for PBXProject "SwitUI_Ian_Solomen" */;
			compatibilityVersion = "Xcode 14.0";
			developmentRegion = en;
			hasScannedForEncodings = 0;
			knownRegions = (
				en,
				Base,
			);
			mainGroup = C077CACC2B83ECCE009CD3BD;
			productRefGroup = C077CAD62B83ECCE009CD3BD /* Products */;
			projectDirPath = "";
			projectRoot = "";
			targets = (
				C077CAD42B83ECCE009CD3BD /* SwitUI_Ian_Solomen */,
				C077CAE42B83ECCF009CD3BD /* SwitUI_Ian_SolomenTests */,
				C077CAEE2B83ECCF009CD3BD /* SwitUI_Ian_SolomenUITests */,
			);
		};
/* End PBXProject section */

/* Begin PBXResourcesBuildPhase section */
		C077CAD32B83ECCE009CD3BD /* Resources */ = {
			isa = PBXResourcesBuildPhase;
			buildActionMask = 2147483647;
			files = (
				C077CAE02B83ECCE009CD3BD /* Preview Assets.xcassets in Resources */,
				C077CADD2B83ECCE009CD3BD /* Assets.xcassets in Resources */,
			);
			runOnlyForDeploymentPostprocessing = 0;
		};
		C077CAE32B83ECCF009CD3BD /* Resources */ = {
			isa = PBXResourcesBuildPhase;
			buildActionMask = 2147483647;
			files = (
			);
			runOnlyForDeploymentPostprocessing = 0;
		};
		C077CAED2B83ECCF009CD3BD /* Resources */ = {
			isa = PBXResourcesBuildPhase;
			buildActionMask = 2147483647;
			files = (
			);
			runOnlyForDeploymentPostprocessing = 0;
		};
/* End PBXResourcesBuildPhase section */

/* Begin PBXSourcesBuildPhase section */
		C077CAD12B83ECCE009CD3BD /* Sources */ = {
			isa = PBXSourcesBuildPhase;
			buildActionMask = 2147483647;
			files = (
				C077CADB2B83ECCE009CD3BD /* ContentView.swift in Sources */,
				C0CC06362BA3A47600334DD1 /* WorkWithTabView.swift in Sources */,
				C00AD48A2BC6B8520029D0E7 /* WorkWIthNavigationLink.swift in Sources */,
				C0DA153C2BC78E2100373A92 /* WorkWithUserDefaults.swift in Sources */,
				C0B646F82BA23BFB00CB82AF /* WorkWithNavigationStack.swift in Sources */,
				C0A7882D2B9BA69D00269362 /* WorkWithSlider.swift in Sources */,
				C0C212DA2B9C7DEC0079D5DE /* WorkWithStepper.swift in Sources */,
				C0D367A52B93B9BB001966F0 /* WorkWIthText.swift in Sources */,
				C08E52242BC9D190007F9245 /* NoteApp.swift in Sources */,
				C086EFE12BAA0FA800CD6FB1 /* WorkWithAlert.swift in Sources */,
				C0567A212BA0DE4A00C5509F /* WorkWithList.swift in Sources */,
				C036B5472BC087D6000DACB1 /* FindFlag.swift in Sources */,
				C06E959C2BA57DB300AC97FC /* WorkWithForm.swift in Sources */,
				C099914C2B9B7B4500B1173B /* WorkWithButton.swift in Sources */,
				C0CE51122B9C19B200DCF88D /* WorkWIthPickerVertical.swift in Sources */,
				C0A7882A2B9BA44F00269362 /* WorkWithTextField.swift in Sources */,
				C0EABFD62B97B39A0045A7B4 /* WorkWithImage.swift in Sources */,
				C0DC87472BC5DED700359D27 /* WorkWithObservedPublishEnv.swift in Sources */,
				C077CAD92B83ECCE009CD3BD /* SwitUI_Ian_SolomenApp.swift in Sources */,
				C0A196142B9DD4480080BACF /* WorkWithClick.swift in Sources */,
				C00FE3BD2B98922B000B928D /* WorkWithGradients.swift in Sources */,
				C079697F2B8508D900434BE1 /* VHZStacks.swift in Sources */,
				C09440812BC552B9003506AB /* WorkWithModifiers.swift in Sources */,
				C09E7AB12B9A461B00F30281 /* WorkWithToggle.swift in Sources */,
				C07B0C0A2BA6AC0D00608FC6 /* CalculatorApp.swift in Sources */,
			);
			runOnlyForDeploymentPostprocessing = 0;
		};
		C077CAE12B83ECCF009CD3BD /* Sources */ = {
			isa = PBXSourcesBuildPhase;
			buildActionMask = 2147483647;
			files = (
				C077CAEA2B83ECCF009CD3BD /* SwitUI_Ian_SolomenTests.swift in Sources */,
			);
			runOnlyForDeploymentPostprocessing = 0;
		};
		C077CAEB2B83ECCF009CD3BD /* Sources */ = {
			isa = PBXSourcesBuildPhase;
			buildActionMask = 2147483647;
			files = (
				C077CAF62B83ECCF009CD3BD /* SwitUI_Ian_SolomenUITestsLaunchTests.swift in Sources */,
				C077CAF42B83ECCF009CD3BD /* SwitUI_Ian_SolomenUITests.swift in Sources */,
			);
			runOnlyForDeploymentPostprocessing = 0;
		};
/* End PBXSourcesBuildPhase section */

/* Begin PBXTargetDependency section */
		C077CAE72B83ECCF009CD3BD /* PBXTargetDependency */ = {
			isa = PBXTargetDependency;
			target = C077CAD42B83ECCE009CD3BD /* SwitUI_Ian_Solomen */;
			targetProxy = C077CAE62B83ECCF009CD3BD /* PBXContainerItemProxy */;
		};
		C077CAF12B83ECCF009CD3BD /* PBXTargetDependency */ = {
			isa = PBXTargetDependency;
			target = C077CAD42B83ECCE009CD3BD /* SwitUI_Ian_Solomen */;
			targetProxy = C077CAF02B83ECCF009CD3BD /* PBXContainerItemProxy */;
		};
/* End PBXTargetDependency section */

/* Begin XCBuildConfiguration section */
		C077CAF72B83ECCF009CD3BD /* Debug */ = {
			isa = XCBuildConfiguration;
			buildSettings = {
				ALWAYS_SEARCH_USER_PATHS = NO;
				CLANG_ANALYZER_NONNULL = YES;
				CLANG_ANALYZER_NUMBER_OBJECT_CONVERSION = YES_AGGRESSIVE;
				CLANG_CXX_LANGUAGE_STANDARD = "gnu++20";
				CLANG_ENABLE_MODULES = YES;
				CLANG_ENABLE_OBJC_ARC = YES;
				CLANG_ENABLE_OBJC_WEAK = YES;
				CLANG_WARN_BLOCK_CAPTURE_AUTORELEASING = YES;
				CLANG_WARN_BOOL_CONVERSION = YES;
				CLANG_WARN_COMMA = YES;
				CLANG_WARN_CONSTANT_CONVERSION = YES;
				CLANG_WARN_DEPRECATED_OBJC_IMPLEMENTATIONS = YES;
				CLANG_WARN_DIRECT_OBJC_ISA_USAGE = YES_ERROR;
				CLANG_WARN_DOCUMENTATION_COMMENTS = YES;
				CLANG_WARN_EMPTY_BODY = YES;
				CLANG_WARN_ENUM_CONVERSION = YES;
				CLANG_WARN_INFINITE_RECURSION = YES;
				CLANG_WARN_INT_CONVERSION = YES;
				CLANG_WARN_NON_LITERAL_NULL_CONVERSION = YES;
				CLANG_WARN_OBJC_IMPLICIT_RETAIN_SELF = YES;
				CLANG_WARN_OBJC_LITERAL_CONVERSION = YES;
				CLANG_WARN_OBJC_ROOT_CLASS = YES_ERROR;
				CLANG_WARN_QUOTED_INCLUDE_IN_FRAMEWORK_HEADER = YES;
				CLANG_WARN_RANGE_LOOP_ANALYSIS = YES;
				CLANG_WARN_STRICT_PROTOTYPES = YES;
				CLANG_WARN_SUSPICIOUS_MOVE = YES;
				CLANG_WARN_UNGUARDED_AVAILABILITY = YES_AGGRESSIVE;
				CLANG_WARN_UNREACHABLE_CODE = YES;
				CLANG_WARN__DUPLICATE_METHOD_MATCH = YES;
				COPY_PHASE_STRIP = NO;
				DEBUG_INFORMATION_FORMAT = dwarf;
				ENABLE_STRICT_OBJC_MSGSEND = YES;
				ENABLE_TESTABILITY = YES;
				GCC_C_LANGUAGE_STANDARD = gnu11;
				GCC_DYNAMIC_NO_PIC = NO;
				GCC_NO_COMMON_BLOCKS = YES;
				GCC_OPTIMIZATION_LEVEL = 0;
				GCC_PREPROCESSOR_DEFINITIONS = (
					"DEBUG=1",
					"$(inherited)",
				);
				GCC_WARN_64_TO_32_BIT_CONVERSION = YES;
				GCC_WARN_ABOUT_RETURN_TYPE = YES_ERROR;
				GCC_WARN_UNDECLARED_SELECTOR = YES;
				GCC_WARN_UNINITIALIZED_AUTOS = YES_AGGRESSIVE;
				GCC_WARN_UNUSED_FUNCTION = YES;
				GCC_WARN_UNUSED_VARIABLE = YES;
				IPHONEOS_DEPLOYMENT_TARGET = 16.4;
				MTL_ENABLE_DEBUG_INFO = INCLUDE_SOURCE;
				MTL_FAST_MATH = YES;
				ONLY_ACTIVE_ARCH = YES;
				SDKROOT = iphoneos;
				SWIFT_ACTIVE_COMPILATION_CONDITIONS = DEBUG;
				SWIFT_OPTIMIZATION_LEVEL = "-Onone";
			};
			name = Debug;
		};
		C077CAF82B83ECCF009CD3BD /* Release */ = {
			isa = XCBuildConfiguration;
			buildSettings = {
				ALWAYS_SEARCH_USER_PATHS = NO;
				CLANG_ANALYZER_NONNULL = YES;
				CLANG_ANALYZER_NUMBER_OBJECT_CONVERSION = YES_AGGRESSIVE;
				CLANG_CXX_LANGUAGE_STANDARD = "gnu++20";
				CLANG_ENABLE_MODULES = YES;
				CLANG_ENABLE_OBJC_ARC = YES;
				CLANG_ENABLE_OBJC_WEAK = YES;
				CLANG_WARN_BLOCK_CAPTURE_AUTORELEASING = YES;
				CLANG_WARN_BOOL_CONVERSION = YES;
				CLANG_WARN_COMMA = YES;
				CLANG_WARN_CONSTANT_CONVERSION = YES;
				CLANG_WARN_DEPRECATED_OBJC_IMPLEMENTATIONS = YES;
				CLANG_WARN_DIRECT_OBJC_ISA_USAGE = YES_ERROR;
				CLANG_WARN_DOCUMENTATION_COMMENTS = YES;
				CLANG_WARN_EMPTY_BODY = YES;
				CLANG_WARN_ENUM_CONVERSION = YES;
				CLANG_WARN_INFINITE_RECURSION = YES;
				CLANG_WARN_INT_CONVERSION = YES;
				CLANG_WARN_NON_LITERAL_NULL_CONVERSION = YES;
				CLANG_WARN_OBJC_IMPLICIT_RETAIN_SELF = YES;
				CLANG_WARN_OBJC_LITERAL_CONVERSION = YES;
				CLANG_WARN_OBJC_ROOT_CLASS = YES_ERROR;
				CLANG_WARN_QUOTED_INCLUDE_IN_FRAMEWORK_HEADER = YES;
				CLANG_WARN_RANGE_LOOP_ANALYSIS = YES;
				CLANG_WARN_STRICT_PROTOTYPES = YES;
				CLANG_WARN_SUSPICIOUS_MOVE = YES;
				CLANG_WARN_UNGUARDED_AVAILABILITY = YES_AGGRESSIVE;
				CLANG_WARN_UNREACHABLE_CODE = YES;
				CLANG_WARN__DUPLICATE_METHOD_MATCH = YES;
				COPY_PHASE_STRIP = NO;
				DEBUG_INFORMATION_FORMAT = "dwarf-with-dsym";
				ENABLE_NS_ASSERTIONS = NO;
				ENABLE_STRICT_OBJC_MSGSEND = YES;
				GCC_C_LANGUAGE_STANDARD = gnu11;
				GCC_NO_COMMON_BLOCKS = YES;
				GCC_WARN_64_TO_32_BIT_CONVERSION = YES;
				GCC_WARN_ABOUT_RETURN_TYPE = YES_ERROR;
				GCC_WARN_UNDECLARED_SELECTOR = YES;
				GCC_WARN_UNINITIALIZED_AUTOS = YES_AGGRESSIVE;
				GCC_WARN_UNUSED_FUNCTION = YES;
				GCC_WARN_UNUSED_VARIABLE = YES;
				IPHONEOS_DEPLOYMENT_TARGET = 16.4;
				MTL_ENABLE_DEBUG_INFO = NO;
				MTL_FAST_MATH = YES;
				SDKROOT = iphoneos;
				SWIFT_COMPILATION_MODE = wholemodule;
				SWIFT_OPTIMIZATION_LEVEL = "-O";
				VALIDATE_PRODUCT = YES;
			};
			name = Release;
		};
		C077CAFA2B83ECCF009CD3BD /* Debug */ = {
			isa = XCBuildConfiguration;
			buildSettings = {
				ASSETCATALOG_COMPILER_APPICON_NAME = AppIcon;
				ASSETCATALOG_COMPILER_GLOBAL_ACCENT_COLOR_NAME = AccentColor;
				CODE_SIGN_STYLE = Automatic;
				CURRENT_PROJECT_VERSION = 1;
				DEVELOPMENT_ASSET_PATHS = "\"SwitUI_Ian_Solomen/Preview Content\"";
				DEVELOPMENT_TEAM = KZDJ9M3S34;
				ENABLE_PREVIEWS = YES;
				GENERATE_INFOPLIST_FILE = YES;
				INFOPLIST_KEY_UIApplicationSceneManifest_Generation = YES;
				INFOPLIST_KEY_UIApplicationSupportsIndirectInputEvents = YES;
				INFOPLIST_KEY_UILaunchScreen_Generation = YES;
				INFOPLIST_KEY_UISupportedInterfaceOrientations_iPad = "UIInterfaceOrientationPortrait UIInterfaceOrientationPortraitUpsideDown UIInterfaceOrientationLandscapeLeft UIInterfaceOrientationLandscapeRight";
				INFOPLIST_KEY_UISupportedInterfaceOrientations_iPhone = "UIInterfaceOrientationPortrait UIInterfaceOrientationLandscapeLeft UIInterfaceOrientationLandscapeRight";
				LD_RUNPATH_SEARCH_PATHS = (
					"$(inherited)",
					"@executable_path/Frameworks",
				);
				MARKETING_VERSION = 1.0;
				PRODUCT_BUNDLE_IDENTIFIER = "com.pr7.swiftuiseries.SwitUI-Ian-Solomen";
				PRODUCT_NAME = "$(TARGET_NAME)";
				SWIFT_EMIT_LOC_STRINGS = YES;
				SWIFT_VERSION = 5.0;
				TARGETED_DEVICE_FAMILY = "1,2";
			};
			name = Debug;
		};
		C077CAFB2B83ECCF009CD3BD /* Release */ = {
			isa = XCBuildConfiguration;
			buildSettings = {
				ASSETCATALOG_COMPILER_APPICON_NAME = AppIcon;
				ASSETCATALOG_COMPILER_GLOBAL_ACCENT_COLOR_NAME = AccentColor;
				CODE_SIGN_STYLE = Automatic;
				CURRENT_PROJECT_VERSION = 1;
				DEVELOPMENT_ASSET_PATHS = "\"SwitUI_Ian_Solomen/Preview Content\"";
				DEVELOPMENT_TEAM = KZDJ9M3S34;
				ENABLE_PREVIEWS = YES;
				GENERATE_INFOPLIST_FILE = YES;
				INFOPLIST_KEY_UIApplicationSceneManifest_Generation = YES;
				INFOPLIST_KEY_UIApplicationSupportsIndirectInputEvents = YES;
				INFOPLIST_KEY_UILaunchScreen_Generation = YES;
				INFOPLIST_KEY_UISupportedInterfaceOrientations_iPad = "UIInterfaceOrientationPortrait UIInterfaceOrientationPortraitUpsideDown UIInterfaceOrientationLandscapeLeft UIInterfaceOrientationLandscapeRight";
				INFOPLIST_KEY_UISupportedInterfaceOrientations_iPhone = "UIInterfaceOrientationPortrait UIInterfaceOrientationLandscapeLeft UIInterfaceOrientationLandscapeRight";
				LD_RUNPATH_SEARCH_PATHS = (
					"$(inherited)",
					"@executable_path/Frameworks",
				);
				MARKETING_VERSION = 1.0;
				PRODUCT_BUNDLE_IDENTIFIER = "com.pr7.swiftuiseries.SwitUI-Ian-Solomen";
				PRODUCT_NAME = "$(TARGET_NAME)";
				SWIFT_EMIT_LOC_STRINGS = YES;
				SWIFT_VERSION = 5.0;
				TARGETED_DEVICE_FAMILY = "1,2";
			};
			name = Release;
		};
		C077CAFD2B83ECCF009CD3BD /* Debug */ = {
			isa = XCBuildConfiguration;
			buildSettings = {
				ALWAYS_EMBED_SWIFT_STANDARD_LIBRARIES = YES;
				BUNDLE_LOADER = "$(TEST_HOST)";
				CODE_SIGN_STYLE = Automatic;
				CURRENT_PROJECT_VERSION = 1;
				DEVELOPMENT_TEAM = KZDJ9M3S34;
				GENERATE_INFOPLIST_FILE = YES;
				IPHONEOS_DEPLOYMENT_TARGET = 16.4;
				MARKETING_VERSION = 1.0;
				PRODUCT_BUNDLE_IDENTIFIER = "com.pr7.swiftuiseries.SwitUI-Ian-SolomenTests";
				PRODUCT_NAME = "$(TARGET_NAME)";
				SWIFT_EMIT_LOC_STRINGS = NO;
				SWIFT_VERSION = 5.0;
				TARGETED_DEVICE_FAMILY = "1,2";
				TEST_HOST = "$(BUILT_PRODUCTS_DIR)/SwitUI_Ian_Solomen.app/$(BUNDLE_EXECUTABLE_FOLDER_PATH)/SwitUI_Ian_Solomen";
			};
			name = Debug;
		};
		C077CAFE2B83ECCF009CD3BD /* Release */ = {
			isa = XCBuildConfiguration;
			buildSettings = {
				ALWAYS_EMBED_SWIFT_STANDARD_LIBRARIES = YES;
				BUNDLE_LOADER = "$(TEST_HOST)";
				CODE_SIGN_STYLE = Automatic;
				CURRENT_PROJECT_VERSION = 1;
				DEVELOPMENT_TEAM = KZDJ9M3S34;
				GENERATE_INFOPLIST_FILE = YES;
				IPHONEOS_DEPLOYMENT_TARGET = 16.4;
				MARKETING_VERSION = 1.0;
				PRODUCT_BUNDLE_IDENTIFIER = "com.pr7.swiftuiseries.SwitUI-Ian-SolomenTests";
				PRODUCT_NAME = "$(TARGET_NAME)";
				SWIFT_EMIT_LOC_STRINGS = NO;
				SWIFT_VERSION = 5.0;
				TARGETED_DEVICE_FAMILY = "1,2";
				TEST_HOST = "$(BUILT_PRODUCTS_DIR)/SwitUI_Ian_Solomen.app/$(BUNDLE_EXECUTABLE_FOLDER_PATH)/SwitUI_Ian_Solomen";
			};
			name = Release;
		};
		C077CB002B83ECCF009CD3BD /* Debug */ = {
			isa = XCBuildConfiguration;
			buildSettings = {
				ALWAYS_EMBED_SWIFT_STANDARD_LIBRARIES = YES;
				CODE_SIGN_STYLE = Automatic;
				CURRENT_PROJECT_VERSION = 1;
				DEVELOPMENT_TEAM = KZDJ9M3S34;
				GENERATE_INFOPLIST_FILE = YES;
				MARKETING_VERSION = 1.0;
				PRODUCT_BUNDLE_IDENTIFIER = "com.pr7.swiftuiseries.SwitUI-Ian-SolomenUITests";
				PRODUCT_NAME = "$(TARGET_NAME)";
				SWIFT_EMIT_LOC_STRINGS = NO;
				SWIFT_VERSION = 5.0;
				TARGETED_DEVICE_FAMILY = "1,2";
				TEST_TARGET_NAME = SwitUI_Ian_Solomen;
			};
			name = Debug;
		};
		C077CB012B83ECCF009CD3BD /* Release */ = {
			isa = XCBuildConfiguration;
			buildSettings = {
				ALWAYS_EMBED_SWIFT_STANDARD_LIBRARIES = YES;
				CODE_SIGN_STYLE = Automatic;
				CURRENT_PROJECT_VERSION = 1;
				DEVELOPMENT_TEAM = KZDJ9M3S34;
				GENERATE_INFOPLIST_FILE = YES;
				MARKETING_VERSION = 1.0;
				PRODUCT_BUNDLE_IDENTIFIER = "com.pr7.swiftuiseries.SwitUI-Ian-SolomenUITests";
				PRODUCT_NAME = "$(TARGET_NAME)";
				SWIFT_EMIT_LOC_STRINGS = NO;
				SWIFT_VERSION = 5.0;
				TARGETED_DEVICE_FAMILY = "1,2";
				TEST_TARGET_NAME = SwitUI_Ian_Solomen;
			};
			name = Release;
		};
/* End XCBuildConfiguration section */

/* Begin XCConfigurationList section */
		C077CAD02B83ECCE009CD3BD /* Build configuration list for PBXProject "SwitUI_Ian_Solomen" */ = {
			isa = XCConfigurationList;
			buildConfigurations = (
				C077CAF72B83ECCF009CD3BD /* Debug */,
				C077CAF82B83ECCF009CD3BD /* Release */,
			);
			defaultConfigurationIsVisible = 0;
			defaultConfigurationName = Release;
		};
		C077CAF92B83ECCF009CD3BD /* Build configuration list for PBXNativeTarget "SwitUI_Ian_Solomen" */ = {
			isa = XCConfigurationList;
			buildConfigurations = (
				C077CAFA2B83ECCF009CD3BD /* Debug */,
				C077CAFB2B83ECCF009CD3BD /* Release */,
			);
			defaultConfigurationIsVisible = 0;
			defaultConfigurationName = Release;
		};
		C077CAFC2B83ECCF009CD3BD /* Build configuration list for PBXNativeTarget "SwitUI_Ian_SolomenTests" */ = {
			isa = XCConfigurationList;
			buildConfigurations = (
				C077CAFD2B83ECCF009CD3BD /* Debug */,
				C077CAFE2B83ECCF009CD3BD /* Release */,
			);
			defaultConfigurationIsVisible = 0;
			defaultConfigurationName = Release;
		};
		C077CAFF2B83ECCF009CD3BD /* Build configuration list for PBXNativeTarget "SwitUI_Ian_SolomenUITests" */ = {
			isa = XCConfigurationList;
			buildConfigurations = (
				C077CB002B83ECCF009CD3BD /* Debug */,
				C077CB012B83ECCF009CD3BD /* Release */,
			);
			defaultConfigurationIsVisible = 0;
			defaultConfigurationName = Release;
		};
/* End XCConfigurationList section */
	};
	rootObject = C077CACD2B83ECCE009CD3BD /* Project object */;
}
